
Microsoft Visual Studio Solution File, Format Version 12.00
# Visual Studio 2012
Project("{FAE04EC0-301F-11D3-BF4B-00C04F79EFBC}") = "APPOperacion", "APPOperacion\APPOperacion.csproj", "{05940EB2-78F9-41C0-A2C4-1FEA276C532D}"
EndProject
Global
	GlobalSection(SolutionConfigurationPlatforms) = preSolution
		Debug|Any CPU = Debug|Any CPU
		Release|Any CPU = Release|Any CPU
	EndGlobalSection
	GlobalSection(ProjectConfigurationPlatforms) = postSolution
		{05940EB2-78F9-41C0-A2C4-1FEA276C532D}.Debug|Any CPU.ActiveCfg = Debug|Any CPU
		{05940EB2-78F9-41C0-A2C4-1FEA276C532D}.Debug|Any CPU.Build.0 = Debug|Any CPU
		{05940EB2-78F9-41C0-A2C4-1FEA276C532D}.Release|Any CPU.ActiveCfg = Release|Any CPU
		{05940EB2-78F9-41C0-A2C4-1FEA276C532D}.Release|Any CPU.Build.0 = Release|Any CPU
	EndGlobalSection
	GlobalSection(SolutionProperties) = preSolution
		HideSolutionNode = FALSE
	EndGlobalSection
EndGlobal
